
Microsoft Visual Studio Solution File, Format Version 12.00
# Visual Studio Version 16
VisualStudioVersion = 16.0.31624.102
MinimumVisualStudioVersion = 10.0.40219.1
Project("{FAE04EC0-301F-11D3-BF4B-00C04F79EFBC}") = "Text EncDecryptor by Caesar's cipher", "Text EncDecryptor by Caesar's cipher\Text EncDecryptor by Caesar's cipher.csproj", "{8472A0CF-2C69-49E5-953E-264D0A438239}"
EndProject
Global
	GlobalSection(SolutionConfigurationPlatforms) = preSolution
		Debug|Any CPU = Debug|Any CPU
		Release|Any CPU = Release|Any CPU
	EndGlobalSection
	GlobalSection(ProjectConfigurationPlatforms) = postSolution
		{8472A0CF-2C69-49E5-953E-264D0A438239}.Debug|Any CPU.ActiveCfg = Debug|Any CPU
		{8472A0CF-2C69-49E5-953E-264D0A438239}.Debug|Any CPU.Build.0 = Debug|Any CPU
		{8472A0CF-2C69-49E5-953E-264D0A438239}.Release|Any CPU.ActiveCfg = Release|Any CPU
		{8472A0CF-2C69-49E5-953E-264D0A438239}.Release|Any CPU.Build.0 = Release|Any CPU
	EndGlobalSection
	GlobalSection(SolutionProperties) = preSolution
		HideSolutionNode = FALSE
	EndGlobalSection
	GlobalSection(ExtensibilityGlobals) = postSolution
		SolutionGuid = {A3E92846-FAB1-47FD-9A60-957AEE0577DE}
	EndGlobalSection
EndGlobal
