
Microsoft Visual Studio Solution File, Format Version 12.00
# Visual Studio Version 16
VisualStudioVersion = 16.0.31205.134
MinimumVisualStudioVersion = 10.0.40219.1
Project("{9A19103F-16F7-4668-BE54-9A1E7A4F7556}") = "GameOfFrameworks", "GameOfFrameworks\GameOfFrameworks.csproj", "{4E245C95-078E-4F7F-8DA4-391F8F4AF523}"
EndProject
Project("{FAE04EC0-301F-11D3-BF4B-00C04F79EFBC}") = "LibraryTestingModule", "LibraryTestingModule\LibraryTestingModule.csproj", "{4BB2A830-C7F1-42E2-9369-662ADD25E8A8}"
EndProject
Global
	GlobalSection(SolutionConfigurationPlatforms) = preSolution
		Debug|Any CPU = Debug|Any CPU
		Release|Any CPU = Release|Any CPU
	EndGlobalSection
	GlobalSection(ProjectConfigurationPlatforms) = postSolution
		{4E245C95-078E-4F7F-8DA4-391F8F4AF523}.Debug|Any CPU.ActiveCfg = Debug|Any CPU
		{4E245C95-078E-4F7F-8DA4-391F8F4AF523}.Debug|Any CPU.Build.0 = Debug|Any CPU
		{4E245C95-078E-4F7F-8DA4-391F8F4AF523}.Release|Any CPU.ActiveCfg = Release|Any CPU
		{4E245C95-078E-4F7F-8DA4-391F8F4AF523}.Release|Any CPU.Build.0 = Release|Any CPU
		{4BB2A830-C7F1-42E2-9369-662ADD25E8A8}.Debug|Any CPU.ActiveCfg = Debug|Any CPU
		{4BB2A830-C7F1-42E2-9369-662ADD25E8A8}.Debug|Any CPU.Build.0 = Debug|Any CPU
		{4BB2A830-C7F1-42E2-9369-662ADD25E8A8}.Release|Any CPU.ActiveCfg = Release|Any CPU
		{4BB2A830-C7F1-42E2-9369-662ADD25E8A8}.Release|Any CPU.Build.0 = Release|Any CPU
	EndGlobalSection
	GlobalSection(SolutionProperties) = preSolution
		HideSolutionNode = FALSE
	EndGlobalSection
	GlobalSection(ExtensibilityGlobals) = postSolution
		SolutionGuid = {96C5A4F3-29C6-4C4C-ACDF-93AAA9B9E043}
	EndGlobalSection
EndGlobal
