
Microsoft Visual Studio Solution File, Format Version 12.00
# Visual Studio Version 16
VisualStudioVersion = 16.0.31624.102
MinimumVisualStudioVersion = 10.0.40219.1
Project("{FAE04EC0-301F-11D3-BF4B-00C04F79EFBC}") = "GraphicRender", "GraphicRender\GraphicRender.csproj", "{47999F59-247D-41FD-A492-1B632A7879C5}"
EndProject
Global
	GlobalSection(SolutionConfigurationPlatforms) = preSolution
		Debug|Any CPU = Debug|Any CPU
		Release|Any CPU = Release|Any CPU
	EndGlobalSection
	GlobalSection(ProjectConfigurationPlatforms) = postSolution
		{47999F59-247D-41FD-A492-1B632A7879C5}.Debug|Any CPU.ActiveCfg = Debug|Any CPU
		{47999F59-247D-41FD-A492-1B632A7879C5}.Debug|Any CPU.Build.0 = Debug|Any CPU
		{47999F59-247D-41FD-A492-1B632A7879C5}.Release|Any CPU.ActiveCfg = Release|Any CPU
		{47999F59-247D-41FD-A492-1B632A7879C5}.Release|Any CPU.Build.0 = Release|Any CPU
	EndGlobalSection
	GlobalSection(SolutionProperties) = preSolution
		HideSolutionNode = FALSE
	EndGlobalSection
	GlobalSection(ExtensibilityGlobals) = postSolution
		SolutionGuid = {0FF756FC-CA1C-4C35-B7AE-B5BB144D153A}
	EndGlobalSection
EndGlobal
